<Solution>
  <Folder Name="/Poc.Api/">
    <Project Path="Poc.Api/Poc.Api.Client/Poc.Api.Client.csproj" />
    <Project Path="Poc.Api/Poc.Api/Poc.Api.csproj" />
  </Folder>
  <Folder Name="/Poc.Docker/">
    <File Path="Poc.Docker/docker-compose.dcproj" />
    <File Path="Poc.Docker/docker-compose.linux.yml" />
    <File Path="Poc.Docker/docker-compose.windows.yml" />
    <File Path="Poc.Docker/docker-compose.yml" />
    <File Path="Poc.Docker/launchSettings.json" />
    <Project Path="Poc.Docker/Docker.App/Docker.App.csproj" />
    <Project Path="Poc.Docker/Docker.Aspnet/Docker.Aspnet.csproj" />
    <Project Path="Poc.Docker/Docker.Console/Docker.Console.csproj" />
    <Project Path="Poc.Docker/Docker.Nas/aspnetapp.csproj" />
  </Folder>
  <Folder Name="/Poc.Docker/Docker.Compose/">
    <File Path="Poc.Docker/docker-compose.dcproj" />
    <File Path="Poc.Docker/docker-compose.linux.yml" />
    <File Path="Poc.Docker/docker-compose.windows.yml" />
    <File Path="Poc.Docker/docker-compose.yml" />
    <File Path="Poc.Docker/launchSettings.json" />
  </Folder>
  <Folder Name="/Poc.Docker/Docker.MsSql/">
    <File Path="Poc.Docker/Docker.Mssql/compose.Dockerfile" />
    <File Path="Poc.Docker/Docker.Mssql/Dockerfile" />
    <File Path="Poc.Docker/Docker.Mssql/entrypoint.sh" />
    <File Path="Poc.Docker/Docker.Mssql/setup.sh" />
    <File Path="Poc.Docker/Docker.Mssql/setup.sql" />
  </Folder>
  <Folder Name="/Redis/">
    <Project Path="Poc.Redis/Common/Common.csproj" />
    <Project Path="Poc.Redis/docker-compose.dcproj">
      <Build />
    </Project>
    <Project Path="Poc.Redis/Publisher/Publisher.csproj" />
    <Project Path="Poc.Redis/Subscriber/Subscriber.csproj" />
  </Folder>
  <Folder Name="/Redis/Docs/">
    <File Path="Poc.Redis/readme.md" />
  </Folder>
  <Folder Name="/SignalR/">
    <Project Path="Poc.SignalR.Client/Poc.SignalR.Client.csproj" />
    <Project Path="Poc.SignalR.Server/Poc.SignalR.Server.csproj" />
    <Project Path="Poc.SignalR.Shared/Poc.SignalR.Shared.csproj" Id="25dea313-045b-4835-aad5-f9bcab110065" />
  </Folder>
  <Folder Name="/WorkerServices/">
    <Project Path="Poc.WorkerService/Poc.WorkerService.csproj" />
  </Folder>
  <Project Path="Entra.Blazor\Entra.Blazor.csproj" />
  <Project Path="Google.Blazor.WebApp.Server/Google.Blazor.WebApp.Server.csproj" />
  <Project Path="Google.Blazor.WebApp.WebAssembly/Google.Blazor.WebApp.WebAssembly.Client/Google.Blazor.WebApp.WebAssembly.Client.csproj" />
  <Project Path="Google.Blazor.WebApp.WebAssembly/Google.Blazor.WebApp.WebAssembly/Google.Blazor.WebApp.WebAssembly.csproj" />
  <Project Path="Graph.Blazor.Server/Graph.Blazor.Server.csproj" />
  <Project Path="Graph.Blazor.WebApp/Graph.Blazor.WebApp.csproj" />
  <Project Path="Poc.Console/Poc.Console.csproj" />
  <Project Path="Poc.Mud.Blazor/Poc.Mud.Blazor.csproj" />
</Solution>
