<Solution>
  <Configurations>
    <Platform Name="Any CPU" />
    <Platform Name="x64" />
  </Configurations>
  <Folder Name="/.Docs/">
    <File Path="../Docs/ado.md" />
    <File Path="../Docs/arm.md" />
    <File Path="../Docs/bicep.md" />
    <File Path="../Docs/docker.md" />
    <File Path="../Docs/redis.md" />
    <File Path="../Docs/windows.md" />
  </Folder>
    <Project Path="Windows/Poc.Lib.WinUI/Poc.Lib.WinUI.csproj" />
    <Project Path="Windows/Poc.UWP/Poc.UWP.csproj">
      <Platform Project="x64" />
      <Deploy />
    </Project>
    <Project Path="Windows/Poc.WinUI/Poc.WinUI.csproj">
      <Platform Project="x64" />
      <Deploy />
    </Project>
  </Folder>
</Solution>
